{
	"name": "uni-mall",
	"version": "1.0.0",
	"lockfileVersion": 1,
	"requires": true,
	"dependencies": {
		"gcoord": {
			"version": "0.2.3",
			"resolved": "https://registry.npmjs.org/gcoord/-/gcoord-0.2.3.tgz",
			"integrity": "sha512-BxSlrzGzv/tNzkyTS3/wWTH/EL0dWFLGNAC2wNFPUrlJ5dm9qrzgE6G1kuT/hjkbzr68tlDimcw6wZ3YCwHWzg=="
		},
		"lodash": {
			"version": "4.17.21",
			"resolved": "https://registry.npmjs.org/lodash/-/lodash-4.17.21.tgz",
			"integrity": "sha512-v2kDEe57lecTulaDIuNTPy3Ry4gLGJ6Z1O3vE1krgXZNrsQ+LFTGHVxVjcXPs17LhbZVGedAJv8XZ1tvj5FvSg=="
		}
	}
}
