# THIS IS AN AUTOGENERATED FILE. DO NOT EDIT THIS FILE DIRECTLY.
# yarn lockfile v1


gcoord@^0.2.3:
  version "0.2.3"
  resolved "https://registry.npm.taobao.org/gcoord/download/gcoord-0.2.3.tgz#bdf8d48ed199785177eb29727ef3ab16b29d895e"
  integrity sha1-vfjUjtGZeFF36ylyfvOrFrKdiV4=

lodash@^4.17.15:
  version "4.17.20"
  resolved "https://registry.npm.taobao.org/lodash/download/lodash-4.17.20.tgz#b44a9b6297bcb698f1c51a3545a2b3b368d59c52"
  integrity sha1-tEqbYpe8tpjxxRo1RaKzs2jVnFI=

mp-html@^2.0.2:
  version "2.0.2"
  resolved "https://registry.npm.taobao.org/mp-html/download/mp-html-2.0.2.tgz#5fe1070cebe7cf980a7b0fd9c9e5e9241f58245e"
  integrity sha1-X+EHDOvnz5gKew/ZyeXpJB9YJF4=
